
Microsoft Visual Studio Solution File, Format Version 12.00
# Visual Studio Version 16
VisualStudioVersion = 16.0.31321.278
MinimumVisualStudioVersion = 10.0.40219.1
Project("{FAE04EC0-301F-11D3-BF4B-00C04F79EFBC}") = "Domein", "Domein\Domein.csproj", "{96359393-E03C-435B-89CD-60F43576D9F2}"
EndProject
Project("{FAE04EC0-301F-11D3-BF4B-00C04F79EFBC}") = "GUI", "GUI\GUI.csproj", "{41F592F6-6029-4C02-AC79-917FF5D73597}"
EndProject
Global
	GlobalSection(SolutionConfigurationPlatforms) = preSolution
		Debug|Any CPU = Debug|Any CPU
		Release|Any CPU = Release|Any CPU
	EndGlobalSection
	GlobalSection(ProjectConfigurationPlatforms) = postSolution
		{96359393-E03C-435B-89CD-60F43576D9F2}.Debug|Any CPU.ActiveCfg = Debug|Any CPU
		{96359393-E03C-435B-89CD-60F43576D9F2}.Debug|Any CPU.Build.0 = Debug|Any CPU
		{96359393-E03C-435B-89CD-60F43576D9F2}.Release|Any CPU.ActiveCfg = Release|Any CPU
		{96359393-E03C-435B-89CD-60F43576D9F2}.Release|Any CPU.Build.0 = Release|Any CPU
		{41F592F6-6029-4C02-AC79-917FF5D73597}.Debug|Any CPU.ActiveCfg = Debug|Any CPU
		{41F592F6-6029-4C02-AC79-917FF5D73597}.Debug|Any CPU.Build.0 = Debug|Any CPU
		{41F592F6-6029-4C02-AC79-917FF5D73597}.Release|Any CPU.ActiveCfg = Release|Any CPU
		{41F592F6-6029-4C02-AC79-917FF5D73597}.Release|Any CPU.Build.0 = Release|Any CPU
	EndGlobalSection
	GlobalSection(SolutionProperties) = preSolution
		HideSolutionNode = FALSE
	EndGlobalSection
	GlobalSection(ExtensibilityGlobals) = postSolution
		SolutionGuid = {D0BA1E98-77AD-4838-939D-739D5DD57E8A}
	EndGlobalSection
EndGlobal
