
Microsoft Visual Studio Solution File, Format Version 12.00
# Visual Studio Version 17
VisualStudioVersion = 17.2.32616.157
MinimumVisualStudioVersion = 10.0.40219.1
Project("{9A19103F-16F7-4668-BE54-9A1E7A4F7556}") = "BL-Projectwerk", "BL-Projectwerk\BL-Projectwerk.csproj", "{550F5E08-C596-4D98-82D6-BBF0005D86A0}"
EndProject
Project("{9A19103F-16F7-4668-BE54-9A1E7A4F7556}") = "Test", "Test\Test.csproj", "{0EB9932D-BE7B-45BC-985E-D981D99498FD}"
EndProject
Project("{9A19103F-16F7-4668-BE54-9A1E7A4F7556}") = "UnitTestDomein", "UnitTestDomein\UnitTestDomein.csproj", "{24584D42-0189-4DBF-A28D-A3FC3606534B}"
EndProject
Project("{9A19103F-16F7-4668-BE54-9A1E7A4F7556}") = "DL-Projectwerk", "DL-Projectwerk\DL-Projectwerk.csproj", "{769561FB-7656-4F15-9257-F67009CFAA9F}"
EndProject
Project("{9A19103F-16F7-4668-BE54-9A1E7A4F7556}") = "UIBezoeker", "UIBezoeker\UIBezoeker.csproj", "{7374E7A7-033C-4759-AC1C-460E31EB12FE}"
EndProject
Project("{FAE04EC0-301F-11D3-BF4B-00C04F79EFBC}") = "UIAdmin", "UIAdmin\UIAdmin.csproj", "{C76D49C2-D5EC-4A86-81CE-F44D86EDD1FC}"
EndProject
Global
	GlobalSection(SolutionConfigurationPlatforms) = preSolution
		Debug|Any CPU = Debug|Any CPU
		Release|Any CPU = Release|Any CPU
	EndGlobalSection
	GlobalSection(ProjectConfigurationPlatforms) = postSolution
		{550F5E08-C596-4D98-82D6-BBF0005D86A0}.Debug|Any CPU.ActiveCfg = Debug|Any CPU
		{550F5E08-C596-4D98-82D6-BBF0005D86A0}.Debug|Any CPU.Build.0 = Debug|Any CPU
		{550F5E08-C596-4D98-82D6-BBF0005D86A0}.Release|Any CPU.ActiveCfg = Release|Any CPU
		{550F5E08-C596-4D98-82D6-BBF0005D86A0}.Release|Any CPU.Build.0 = Release|Any CPU
		{0EB9932D-BE7B-45BC-985E-D981D99498FD}.Debug|Any CPU.ActiveCfg = Debug|Any CPU
		{0EB9932D-BE7B-45BC-985E-D981D99498FD}.Debug|Any CPU.Build.0 = Debug|Any CPU
		{0EB9932D-BE7B-45BC-985E-D981D99498FD}.Release|Any CPU.ActiveCfg = Release|Any CPU
		{0EB9932D-BE7B-45BC-985E-D981D99498FD}.Release|Any CPU.Build.0 = Release|Any CPU
		{24584D42-0189-4DBF-A28D-A3FC3606534B}.Debug|Any CPU.ActiveCfg = Debug|Any CPU
		{24584D42-0189-4DBF-A28D-A3FC3606534B}.Debug|Any CPU.Build.0 = Debug|Any CPU
		{24584D42-0189-4DBF-A28D-A3FC3606534B}.Release|Any CPU.ActiveCfg = Release|Any CPU
		{24584D42-0189-4DBF-A28D-A3FC3606534B}.Release|Any CPU.Build.0 = Release|Any CPU
		{769561FB-7656-4F15-9257-F67009CFAA9F}.Debug|Any CPU.ActiveCfg = Debug|Any CPU
		{769561FB-7656-4F15-9257-F67009CFAA9F}.Debug|Any CPU.Build.0 = Debug|Any CPU
		{769561FB-7656-4F15-9257-F67009CFAA9F}.Release|Any CPU.ActiveCfg = Release|Any CPU
		{769561FB-7656-4F15-9257-F67009CFAA9F}.Release|Any CPU.Build.0 = Release|Any CPU
		{7374E7A7-033C-4759-AC1C-460E31EB12FE}.Debug|Any CPU.ActiveCfg = Debug|Any CPU
		{7374E7A7-033C-4759-AC1C-460E31EB12FE}.Debug|Any CPU.Build.0 = Debug|Any CPU
		{7374E7A7-033C-4759-AC1C-460E31EB12FE}.Release|Any CPU.ActiveCfg = Release|Any CPU
		{7374E7A7-033C-4759-AC1C-460E31EB12FE}.Release|Any CPU.Build.0 = Release|Any CPU
		{C76D49C2-D5EC-4A86-81CE-F44D86EDD1FC}.Debug|Any CPU.ActiveCfg = Debug|Any CPU
		{C76D49C2-D5EC-4A86-81CE-F44D86EDD1FC}.Debug|Any CPU.Build.0 = Debug|Any CPU
		{C76D49C2-D5EC-4A86-81CE-F44D86EDD1FC}.Release|Any CPU.ActiveCfg = Release|Any CPU
		{C76D49C2-D5EC-4A86-81CE-F44D86EDD1FC}.Release|Any CPU.Build.0 = Release|Any CPU
	EndGlobalSection
	GlobalSection(SolutionProperties) = preSolution
		HideSolutionNode = FALSE
	EndGlobalSection
	GlobalSection(ExtensibilityGlobals) = postSolution
		SolutionGuid = {2FC7C68F-0AD6-477E-BF9A-80D79B2A89BA}
	EndGlobalSection
EndGlobal
